
Microsoft Visual Studio Solution File, Format Version 12.00
# Visual Studio Version 17
VisualStudioVersion = 17.6.33815.320
MinimumVisualStudioVersion = 10.0.40219.1
Project("{9A19103F-16F7-4668-BE54-9A1E7A4F7556}") = "Depoimentos_API.Api", "Depoimentos_API\Depoimentos_API.Api.csproj", "{8F76E3F4-C966-4AA3-8391-5F410888888B}"
EndProject
Project("{9A19103F-16F7-4668-BE54-9A1E7A4F7556}") = "Depoimentos_API.Application", "Depoimentos.Application\Depoimentos_API.Application.csproj", "{E8C4BB92-5AD8-40FC-B29A-0AA576DF8A4C}"
EndProject
Project("{2150E333-8FDC-42A3-9474-1A3956D46DE8}") = "src", "src", "{801EC3E4-56AD-443B-9AA0-770C60050350}"
EndProject
Project("{9A19103F-16F7-4668-BE54-9A1E7A4F7556}") = "Depoimentos_API.Core", "Depoimentos_API.Core\Depoimentos_API.Core.csproj", "{57982110-4BBD-4EAA-95D5-8DC3AF374C39}"
EndProject
Project("{9A19103F-16F7-4668-BE54-9A1E7A4F7556}") = "Depoimentos_API.Infrastructure", "Depoimentos_API.Infrastructure\Depoimentos_API.Infrastructure.csproj", "{07CC26F2-F026-495E-8DE7-EDB1384CBE78}"
EndProject
Global
	GlobalSection(SolutionConfigurationPlatforms) = preSolution
		Debug|Any CPU = Debug|Any CPU
		Release|Any CPU = Release|Any CPU
	EndGlobalSection
	GlobalSection(ProjectConfigurationPlatforms) = postSolution
		{8F76E3F4-C966-4AA3-8391-5F410888888B}.Debug|Any CPU.ActiveCfg = Debug|Any CPU
		{8F76E3F4-C966-4AA3-8391-5F410888888B}.Debug|Any CPU.Build.0 = Debug|Any CPU
		{8F76E3F4-C966-4AA3-8391-5F410888888B}.Release|Any CPU.ActiveCfg = Release|Any CPU
		{8F76E3F4-C966-4AA3-8391-5F410888888B}.Release|Any CPU.Build.0 = Release|Any CPU
		{E8C4BB92-5AD8-40FC-B29A-0AA576DF8A4C}.Debug|Any CPU.ActiveCfg = Debug|Any CPU
		{E8C4BB92-5AD8-40FC-B29A-0AA576DF8A4C}.Debug|Any CPU.Build.0 = Debug|Any CPU
		{E8C4BB92-5AD8-40FC-B29A-0AA576DF8A4C}.Release|Any CPU.ActiveCfg = Release|Any CPU
		{E8C4BB92-5AD8-40FC-B29A-0AA576DF8A4C}.Release|Any CPU.Build.0 = Release|Any CPU
		{57982110-4BBD-4EAA-95D5-8DC3AF374C39}.Debug|Any CPU.ActiveCfg = Debug|Any CPU
		{57982110-4BBD-4EAA-95D5-8DC3AF374C39}.Debug|Any CPU.Build.0 = Debug|Any CPU
		{57982110-4BBD-4EAA-95D5-8DC3AF374C39}.Release|Any CPU.ActiveCfg = Release|Any CPU
		{57982110-4BBD-4EAA-95D5-8DC3AF374C39}.Release|Any CPU.Build.0 = Release|Any CPU
		{07CC26F2-F026-495E-8DE7-EDB1384CBE78}.Debug|Any CPU.ActiveCfg = Debug|Any CPU
		{07CC26F2-F026-495E-8DE7-EDB1384CBE78}.Debug|Any CPU.Build.0 = Debug|Any CPU
		{07CC26F2-F026-495E-8DE7-EDB1384CBE78}.Release|Any CPU.ActiveCfg = Release|Any CPU
		{07CC26F2-F026-495E-8DE7-EDB1384CBE78}.Release|Any CPU.Build.0 = Release|Any CPU
	EndGlobalSection
	GlobalSection(SolutionProperties) = preSolution
		HideSolutionNode = FALSE
	EndGlobalSection
	GlobalSection(NestedProjects) = preSolution
		{8F76E3F4-C966-4AA3-8391-5F410888888B} = {801EC3E4-56AD-443B-9AA0-770C60050350}
		{E8C4BB92-5AD8-40FC-B29A-0AA576DF8A4C} = {801EC3E4-56AD-443B-9AA0-770C60050350}
		{57982110-4BBD-4EAA-95D5-8DC3AF374C39} = {801EC3E4-56AD-443B-9AA0-770C60050350}
		{07CC26F2-F026-495E-8DE7-EDB1384CBE78} = {801EC3E4-56AD-443B-9AA0-770C60050350}
	EndGlobalSection
	GlobalSection(ExtensibilityGlobals) = postSolution
		SolutionGuid = {EAFF78C4-E470-4B9F-A4B6-E41A910FE1FC}
	EndGlobalSection
EndGlobal
